{
  "name": "demo",
  "version": "1.0.0",
  "lockfileVersion": 2,
  "requires": true,
  "packages": {
    "": {
      "name": "demo",
      "version": "1.0.0",
      "dependencies": {
        "arcgis-js-api": "^4.23.0"
      },
      "devDependencies": {
        "@types/arcgis-js-api": "^4.23.0",
        "typescript": "^4.6.3"
      }
    },
    "node_modules/@types/arcgis-js-api": {
      "version": "4.23.0",
      "resolved": "https://registry.npmjs.org/@types/arcgis-js-api/-/arcgis-js-api-4.23.0.tgz",
      "integrity": "sha512-fb5FYjM46N3fTOzDB1EFtsBrF4ot7VqOY+tRUonAMEdh+mp2thZFxbYbNg5Dd66jz8dxHEqZpfTcqTGVCl+MpA==",
      "dev": true
    },
    "node_modules/arcgis-js-api": {
      "version": "4.23.4",
      "resolved": "https://registry.npmjs.org/arcgis-js-api/-/arcgis-js-api-4.23.4.tgz",
      "integrity": "sha512-LY4hNZdn2+HrYDLMam0ly2nnDTSHT+ftzAZd5Yib6XwZVc4F1lJn0Hgb/HYwM2Lmr0+/1ISiGjpqEPzpcz4OuA=="
    },
    "node_modules/typescript": {
      "version": "4.6.3",
      "resolved": "https://registry.npmjs.org/typescript/-/typescript-4.6.3.tgz",
      "integrity": "sha512-yNIatDa5iaofVozS/uQJEl3JRWLKKGJKh6Yaiv0GLGSuhpFJe7P3SbHZ8/yjAHRQwKRoA6YZqlfjXWmVzoVSMw==",
      "dev": true,
      "bin": {
        "tsc": "bin/tsc",
        "tsserver": "bin/tsserver"
      },
      "engines": {
        "node": ">=4.2.0"
      }
    }
  },
  "dependencies": {
    "@types/arcgis-js-api": {
      "version": "4.23.0",
      "resolved": "https://registry.npmjs.org/@types/arcgis-js-api/-/arcgis-js-api-4.23.0.tgz",
      "integrity": "sha512-fb5FYjM46N3fTOzDB1EFtsBrF4ot7VqOY+tRUonAMEdh+mp2thZFxbYbNg5Dd66jz8dxHEqZpfTcqTGVCl+MpA==",
      "dev": true
    },
    "arcgis-js-api": {
      "version": "4.23.4",
      "resolved": "https://registry.npmjs.org/arcgis-js-api/-/arcgis-js-api-4.23.4.tgz",
      "integrity": "sha512-LY4hNZdn2+HrYDLMam0ly2nnDTSHT+ftzAZd5Yib6XwZVc4F1lJn0Hgb/HYwM2Lmr0+/1ISiGjpqEPzpcz4OuA=="
    },
    "typescript": {
      "version": "4.6.3",
      "resolved": "https://registry.npmjs.org/typescript/-/typescript-4.6.3.tgz",
      "integrity": "sha512-yNIatDa5iaofVozS/uQJEl3JRWLKKGJKh6Yaiv0GLGSuhpFJe7P3SbHZ8/yjAHRQwKRoA6YZqlfjXWmVzoVSMw==",
      "dev": true
    }
  }
}
