{
  "name": "Recenter",
  "version": "1.0.0",
  "lockfileVersion": 2,
  "requires": true,
  "packages": {
    "": {
      "version": "1.0.0",
      "license": "ISC",
      "dependencies": {
        "@types/arcgis-js-api": "^4.18.0"
      }
    },
    "node_modules/@types/arcgis-js-api": {
      "version": "4.18.0",
      "resolved": "https://registry.npmjs.org/@types/arcgis-js-api/-/arcgis-js-api-4.18.0.tgz",
      "integrity": "sha512-cnC06M0QtE1m5fdhyCEPagi1FBHVIcLDGTy4GSUr4UfKvHHDRBGchcg/QkctOVVcGgv0WnUdfvV6fDxgC5P0vg=="
    }
  },
  "dependencies": {
    "@types/arcgis-js-api": {
      "version": "4.18.0",
      "resolved": "https://registry.npmjs.org/@types/arcgis-js-api/-/arcgis-js-api-4.18.0.tgz",
      "integrity": "sha512-cnC06M0QtE1m5fdhyCEPagi1FBHVIcLDGTy4GSUr4UfKvHHDRBGchcg/QkctOVVcGgv0WnUdfvV6fDxgC5P0vg=="
    }
  }
}
